PODS:
  - Capacitor (8.1.0):
    - CapacitorCordova
  - CapacitorCordova (8.1.0)
  - CapacitorLocalNotifications (8.0.1):
    - Capacitor
  - CapacitorPushNotifications (8.0.1):
    - Capacitor
  - EbarooniCapacitorCalendar (8.0.0):
    - Capacitor

DEPENDENCIES:
  - "Capacitor (from `../../node_modules/@capacitor/ios`)"
  - "CapacitorCordova (from `../../node_modules/@capacitor/ios`)"
  - "CapacitorLocalNotifications (from `../../node_modules/@capacitor/local-notifications`)"
  - "CapacitorPushNotifications (from `../../node_modules/@capacitor/push-notifications`)"
  - "EbarooniCapacitorCalendar (from `../../node_modules/@ebarooni/capacitor-calendar`)"

EXTERNAL SOURCES:
  Capacitor:
    :path: "../../node_modules/@capacitor/ios"
  CapacitorCordova:
    :path: "../../node_modules/@capacitor/ios"
  CapacitorLocalNotifications:
    :path: "../../node_modules/@capacitor/local-notifications"
  CapacitorPushNotifications:
    :path: "../../node_modules/@capacitor/push-notifications"
  EbarooniCapacitorCalendar:
    :path: "../../node_modules/@ebarooni/capacitor-calendar"

SPEC CHECKSUMS:
  Capacitor: 830fc6ff88e99bb5ba48350f02c01ab01ba3b2b8
  CapacitorCordova: e8b76fd95fc1e157775abc484c59cc0de464095d
  CapacitorLocalNotifications: e5b78d679f9b6fb22a08bfc1b951fc3f8bd8da11
  CapacitorPushNotifications: 3f34fa7041f65ffb6d1aed24d7f3d5a8abf53db2
  EbarooniCapacitorCalendar: 4d1cd4618ab16c44e8f76de7743316f4102ca035

PODFILE CHECKSUM: 5144457f92a57167f42cf9e53c2e73f830add674

COCOAPODS: 1.16.2
